// !$*UTF8*$!
{
	archiveVersion = 1;
	classes = {
	};
	objectVersion = 56;
	objects = {

/* Begin PBXBuildFile section */
		117FC0212C94BD6200102334 /* AppDelegate.swift in Sources */ = {isa = PBXBuildFile; fileRef = 117FC0202C94BD6200102334 /* AppDelegate.swift */; };
		117FC0232C94BD6200102334 /* SceneDelegate.swift in Sources */ = {isa = PBXBuildFile; fileRef = 117FC0222C94BD6200102334 /* SceneDelegate.swift */; };
		117FC02A2C94BD6200102334 /* Assets.xcassets in Resources */ = {isa = PBXBuildFile; fileRef = 117FC0292C94BD6200102334 /* Assets.xcassets */; };
		117FC02D2C94BD6200102334 /* Base in Resources */ = {isa = PBXBuildFile; fileRef = 117FC02C2C94BD6200102334 /* Base */; };
		117FC0372C94BDC600102334 /* HomeViewController.swift in Sources */ = {isa = PBXBuildFile; fileRef = 117FC0362C94BDC600102334 /* HomeViewController.swift */; };
		117FC0392C94BDD800102334 /* HomeViewModel.swift in Sources */ = {isa = PBXBuildFile; fileRef = 117FC0382C94BDD800102334 /* HomeViewModel.swift */; };
		117FC0402C94C16600102334 /* NetworkManager.swift in Sources */ = {isa = PBXBuildFile; fileRef = 117FC03F2C94C16600102334 /* NetworkManager.swift */; };
		11C6BB722C95E8F400DC1746 /* UniversityService.swift in Sources */ = {isa = PBXBuildFile; fileRef = 11C6BB712C95E8F400DC1746 /* UniversityService.swift */; };
		11C6BB742C95F0BF00DC1746 /* ProvinceModel.swift in Sources */ = {isa = PBXBuildFile; fileRef = 11C6BB732C95F0BF00DC1746 /* ProvinceModel.swift */; };
		11C6BB782C96027300DC1746 /* MovieModel.swift in Sources */ = {isa = PBXBuildFile; fileRef = 11C6BB772C96027300DC1746 /* MovieModel.swift */; };
		11C6BB7B2C9602DC00DC1746 /* MovieViewController.swift in Sources */ = {isa = PBXBuildFile; fileRef = 11C6BB7A2C9602DC00DC1746 /* MovieViewController.swift */; };
		11C6BB7D2C9602E600DC1746 /* MovieViewModel.swift in Sources */ = {isa = PBXBuildFile; fileRef = 11C6BB7C2C9602E600DC1746 /* MovieViewModel.swift */; };
		11C6BB7F2C9608AE00DC1746 /* MovieService.swift in Sources */ = {isa = PBXBuildFile; fileRef = 11C6BB7E2C9608AE00DC1746 /* MovieService.swift */; };
		11C6BB812C961A6300DC1746 /* MovieTableViewCell.swift in Sources */ = {isa = PBXBuildFile; fileRef = 11C6BB802C961A6300DC1746 /* MovieTableViewCell.swift */; };
		11F719CD2C94D0D900CD0D94 /* UniversityModel.swift in Sources */ = {isa = PBXBuildFile; fileRef = 11F719CC2C94D0D900CD0D94 /* UniversityModel.swift */; };
/* End PBXBuildFile section */

/* Begin PBXFileReference section */
		117FC01D2C94BD6200102334 /* Networking&MVVM.app */ = {isa = PBXFileReference; explicitFileType = wrapper.application; includeInIndex = 0; path = "Networking&MVVM.app"; sourceTree = BUILT_PRODUCTS_DIR; };
		117FC0202C94BD6200102334 /* AppDelegate.swift */ = {isa = PBXFileReference; lastKnownFileType = sourcecode.swift; path = AppDelegate.swift; sourceTree = "<group>"; };
		117FC0222C94BD6200102334 /* SceneDelegate.swift */ = {isa = PBXFileReference; lastKnownFileType = sourcecode.swift; path = SceneDelegate.swift; sourceTree = "<group>"; };
		117FC0292C94BD6200102334 /* Assets.xcassets */ = {isa = PBXFileReference; lastKnownFileType = folder.assetcatalog; path = Assets.xcassets; sourceTree = "<group>"; };
		117FC02C2C94BD6200102334 /* Base */ = {isa = PBXFileReference; lastKnownFileType = file.storyboard; name = Base; path = Base.lproj/LaunchScreen.storyboard; sourceTree = "<group>"; };
		117FC02E2C94BD6300102334 /* Info.plist */ = {isa = PBXFileReference; lastKnownFileType = text.plist.xml; path = Info.plist; sourceTree = "<group>"; };
		117FC0362C94BDC600102334 /* HomeViewController.swift */ = {isa = PBXFileReference; lastKnownFileType = sourcecode.swift; path = HomeViewController.swift; sourceTree = "<group>"; };
		117FC0382C94BDD800102334 /* HomeViewModel.swift */ = {isa = PBXFileReference; lastKnownFileType = sourcecode.swift; path = HomeViewModel.swift; sourceTree = "<group>"; };
		117FC03F2C94C16600102334 /* NetworkManager.swift */ = {isa = PBXFileReference; lastKnownFileType = sourcecode.swift; path = NetworkManager.swift; sourceTree = "<group>"; };
		11C6BB712C95E8F400DC1746 /* UniversityService.swift */ = {isa = PBXFileReference; lastKnownFileType = sourcecode.swift; path = UniversityService.swift; sourceTree = "<group>"; };
		11C6BB732C95F0BF00DC1746 /* ProvinceModel.swift */ = {isa = PBXFileReference; lastKnownFileType = sourcecode.swift; path = ProvinceModel.swift; sourceTree = "<group>"; };
		11C6BB772C96027300DC1746 /* MovieModel.swift */ = {isa = PBXFileReference; lastKnownFileType = sourcecode.swift; path = MovieModel.swift; sourceTree = "<group>"; };
		11C6BB7A2C9602DC00DC1746 /* MovieViewController.swift */ = {isa = PBXFileReference; lastKnownFileType = sourcecode.swift; path = MovieViewController.swift; sourceTree = "<group>"; };
		11C6BB7C2C9602E600DC1746 /* MovieViewModel.swift */ = {isa = PBXFileReference; lastKnownFileType = sourcecode.swift; path = MovieViewModel.swift; sourceTree = "<group>"; };
		11C6BB7E2C9608AE00DC1746 /* MovieService.swift */ = {isa = PBXFileReference; lastKnownFileType = sourcecode.swift; path = MovieService.swift; sourceTree = "<group>"; };
		11C6BB802C961A6300DC1746 /* MovieTableViewCell.swift */ = {isa = PBXFileReference; lastKnownFileType = sourcecode.swift; path = MovieTableViewCell.swift; sourceTree = "<group>"; };
		11F719CC2C94D0D900CD0D94 /* UniversityModel.swift */ = {isa = PBXFileReference; lastKnownFileType = sourcecode.swift; path = UniversityModel.swift; sourceTree = "<group>"; };
/* End PBXFileReference section */

/* Begin PBXFrameworksBuildPhase section */
		117FC01A2C94BD6200102334 /* Frameworks */ = {
			isa = PBXFrameworksBuildPhase;
			buildActionMask = 2147483647;
			files = (
			);
			runOnlyForDeploymentPostprocessing = 0;
		};
/* End PBXFrameworksBuildPhase section */

/* Begin PBXGroup section */
		117FC0142C94BD6200102334 = {
			isa = PBXGroup;
			children = (
				117FC01F2C94BD6200102334 /* Networking&MVVM */,
				117FC01E2C94BD6200102334 /* Products */,
			);
			sourceTree = "<group>";
		};
		117FC01E2C94BD6200102334 /* Products */ = {
			isa = PBXGroup;
			children = (
				117FC01D2C94BD6200102334 /* Networking&MVVM.app */,
			);
			name = Products;
			sourceTree = "<group>";
		};
		117FC01F2C94BD6200102334 /* Networking&MVVM */ = {
			isa = PBXGroup;
			children = (
				117FC0202C94BD6200102334 /* AppDelegate.swift */,
				117FC0222C94BD6200102334 /* SceneDelegate.swift */,
				117FC03B2C94C13600102334 /* NetworkLayer */,
				117FC03A2C94C12400102334 /* Model */,
				117FC0342C94BD7200102334 /* Scene */,
				117FC0292C94BD6200102334 /* Assets.xcassets */,
				117FC02B2C94BD6200102334 /* LaunchScreen.storyboard */,
				117FC02E2C94BD6300102334 /* Info.plist */,
			);
			path = "Networking&MVVM";
			sourceTree = "<group>";
		};
		117FC0342C94BD7200102334 /* Scene */ = {
			isa = PBXGroup;
			children = (
				11C6BB822C961A6800DC1746 /* Cells */,
				11C6BB792C9602CC00DC1746 /* MovieScreen */,
				117FC0352C94BDB600102334 /* Home */,
			);
			path = Scene;
			sourceTree = "<group>";
		};
		117FC0352C94BDB600102334 /* Home */ = {
			isa = PBXGroup;
			children = (
				117FC0362C94BDC600102334 /* HomeViewController.swift */,
				117FC0382C94BDD800102334 /* HomeViewModel.swift */,
			);
			path = Home;
			sourceTree = "<group>";
		};
		117FC03A2C94C12400102334 /* Model */ = {
			isa = PBXGroup;
			children = (
				11C6BB762C96026100DC1746 /* MovieAPI */,
				11C6BB752C96024D00DC1746 /* UniversityAPI */,
			);
			path = Model;
			sourceTree = "<group>";
		};
		117FC03B2C94C13600102334 /* NetworkLayer */ = {
			isa = PBXGroup;
			children = (
				11C6BB702C95E8E200DC1746 /* Service */,
				117FC03C2C94C14600102334 /* Core */,
			);
			path = NetworkLayer;
			sourceTree = "<group>";
		};
		117FC03C2C94C14600102334 /* Core */ = {
			isa = PBXGroup;
			children = (
				117FC03F2C94C16600102334 /* NetworkManager.swift */,
			);
			path = Core;
			sourceTree = "<group>";
		};
		11C6BB702C95E8E200DC1746 /* Service */ = {
			isa = PBXGroup;
			children = (
				11C6BB712C95E8F400DC1746 /* UniversityService.swift */,
				11C6BB7E2C9608AE00DC1746 /* MovieService.swift */,
			);
			path = Service;
			sourceTree = "<group>";
		};
		11C6BB752C96024D00DC1746 /* UniversityAPI */ = {
			isa = PBXGroup;
			children = (
				11F719CC2C94D0D900CD0D94 /* UniversityModel.swift */,
				11C6BB732C95F0BF00DC1746 /* ProvinceModel.swift */,
			);
			path = UniversityAPI;
			sourceTree = "<group>";
		};
		11C6BB762C96026100DC1746 /* MovieAPI */ = {
			isa = PBXGroup;
			children = (
				11C6BB772C96027300DC1746 /* MovieModel.swift */,
			);
			path = MovieAPI;
			sourceTree = "<group>";
		};
		11C6BB792C9602CC00DC1746 /* MovieScreen */ = {
			isa = PBXGroup;
			children = (
				11C6BB7A2C9602DC00DC1746 /* MovieViewController.swift */,
				11C6BB7C2C9602E600DC1746 /* MovieViewModel.swift */,
			);
			path = MovieScreen;
			sourceTree = "<group>";
		};
		11C6BB822C961A6800DC1746 /* Cells */ = {
			isa = PBXGroup;
			children = (
				11C6BB802C961A6300DC1746 /* MovieTableViewCell.swift */,
			);
			path = Cells;
			sourceTree = "<group>";
		};
/* End PBXGroup section */

/* Begin PBXNativeTarget section */
		117FC01C2C94BD6200102334 /* Networking&MVVM */ = {
			isa = PBXNativeTarget;
			buildConfigurationList = 117FC0312C94BD6300102334 /* Build configuration list for PBXNativeTarget "Networking&MVVM" */;
			buildPhases = (
				117FC0192C94BD6200102334 /* Sources */,
				117FC01A2C94BD6200102334 /* Frameworks */,
				117FC01B2C94BD6200102334 /* Resources */,
			);
			buildRules = (
			);
			dependencies = (
			);
			name = "Networking&MVVM";
			productName = "Networking&MVVM";
			productReference = 117FC01D2C94BD6200102334 /* Networking&MVVM.app */;
			productType = "com.apple.product-type.application";
		};
/* End PBXNativeTarget section */

/* Begin PBXProject section */
		117FC0152C94BD6200102334 /* Project object */ = {
			isa = PBXProject;
			attributes = {
				BuildIndependentTargetsInParallel = 1;
				LastSwiftUpdateCheck = 1540;
				LastUpgradeCheck = 1540;
				TargetAttributes = {
					117FC01C2C94BD6200102334 = {
						CreatedOnToolsVersion = 15.4;
					};
				};
			};
			buildConfigurationList = 117FC0182C94BD6200102334 /* Build configuration list for PBXProject "Networking&MVVM" */;
			compatibilityVersion = "Xcode 14.0";
			developmentRegion = en;
			hasScannedForEncodings = 0;
			knownRegions = (
				en,
				Base,
			);
			mainGroup = 117FC0142C94BD6200102334;
			productRefGroup = 117FC01E2C94BD6200102334 /* Products */;
			projectDirPath = "";
			projectRoot = "";
			targets = (
				117FC01C2C94BD6200102334 /* Networking&MVVM */,
			);
		};
/* End PBXProject section */

/* Begin PBXResourcesBuildPhase section */
		117FC01B2C94BD6200102334 /* Resources */ = {
			isa = PBXResourcesBuildPhase;
			buildActionMask = 2147483647;
			files = (
				117FC02A2C94BD6200102334 /* Assets.xcassets in Resources */,
				117FC02D2C94BD6200102334 /* Base in Resources */,
			);
			runOnlyForDeploymentPostprocessing = 0;
		};
/* End PBXResourcesBuildPhase section */

/* Begin PBXSourcesBuildPhase section */
		117FC0192C94BD6200102334 /* Sources */ = {
			isa = PBXSourcesBuildPhase;
			buildActionMask = 2147483647;
			files = (
				11C6BB782C96027300DC1746 /* MovieModel.swift in Sources */,
				11C6BB7B2C9602DC00DC1746 /* MovieViewController.swift in Sources */,
				117FC0402C94C16600102334 /* NetworkManager.swift in Sources */,
				117FC0212C94BD6200102334 /* AppDelegate.swift in Sources */,
				117FC0232C94BD6200102334 /* SceneDelegate.swift in Sources */,
				117FC0372C94BDC600102334 /* HomeViewController.swift in Sources */,
				11C6BB7F2C9608AE00DC1746 /* MovieService.swift in Sources */,
				11C6BB722C95E8F400DC1746 /* UniversityService.swift in Sources */,
				11C6BB742C95F0BF00DC1746 /* ProvinceModel.swift in Sources */,
				11C6BB7D2C9602E600DC1746 /* MovieViewModel.swift in Sources */,
				11F719CD2C94D0D900CD0D94 /* UniversityModel.swift in Sources */,
				117FC0392C94BDD800102334 /* HomeViewModel.swift in Sources */,
				11C6BB812C961A6300DC1746 /* MovieTableViewCell.swift in Sources */,
			);
			runOnlyForDeploymentPostprocessing = 0;
		};
/* End PBXSourcesBuildPhase section */

/* Begin PBXVariantGroup section */
		117FC02B2C94BD6200102334 /* LaunchScreen.storyboard */ = {
			isa = PBXVariantGroup;
			children = (
				117FC02C2C94BD6200102334 /* Base */,
			);
			name = LaunchScreen.storyboard;
			sourceTree = "<group>";
		};
/* End PBXVariantGroup section */

/* Begin XCBuildConfiguration section */
		117FC02F2C94BD6300102334 /* Debug */ = {
			isa = XCBuildConfiguration;
			buildSettings = {
				ALWAYS_SEARCH_USER_PATHS = NO;
				ASSETCATALOG_COMPILER_GENERATE_SWIFT_ASSET_SYMBOL_EXTENSIONS = YES;
				CLANG_ANALYZER_NONNULL = YES;
				CLANG_ANALYZER_NUMBER_OBJECT_CONVERSION = YES_AGGRESSIVE;
				CLANG_CXX_LANGUAGE_STANDARD = "gnu++20";
				CLANG_ENABLE_MODULES = YES;
				CLANG_ENABLE_OBJC_ARC = YES;
				CLANG_ENABLE_OBJC_WEAK = YES;
				CLANG_WARN_BLOCK_CAPTURE_AUTORELEASING = YES;
				CLANG_WARN_BOOL_CONVERSION = YES;
				CLANG_WARN_COMMA = YES;
				CLANG_WARN_CONSTANT_CONVERSION = YES;
				CLANG_WARN_DEPRECATED_OBJC_IMPLEMENTATIONS = YES;
				CLANG_WARN_DIRECT_OBJC_ISA_USAGE = YES_ERROR;
				CLANG_WARN_DOCUMENTATION_COMMENTS = YES;
				CLANG_WARN_EMPTY_BODY = YES;
				CLANG_WARN_ENUM_CONVERSION = YES;
				CLANG_WARN_INFINITE_RECURSION = YES;
				CLANG_WARN_INT_CONVERSION = YES;
				CLANG_WARN_NON_LITERAL_NULL_CONVERSION = YES;
				CLANG_WARN_OBJC_IMPLICIT_RETAIN_SELF = YES;
				CLANG_WARN_OBJC_LITERAL_CONVERSION = YES;
				CLANG_WARN_OBJC_ROOT_CLASS = YES_ERROR;
				CLANG_WARN_QUOTED_INCLUDE_IN_FRAMEWORK_HEADER = YES;
				CLANG_WARN_RANGE_LOOP_ANALYSIS = YES;
				CLANG_WARN_STRICT_PROTOTYPES = YES;
				CLANG_WARN_SUSPICIOUS_MOVE = YES;
				CLANG_WARN_UNGUARDED_AVAILABILITY = YES_AGGRESSIVE;
				CLANG_WARN_UNREACHABLE_CODE = YES;
				CLANG_WARN__DUPLICATE_METHOD_MATCH = YES;
				COPY_PHASE_STRIP = NO;
				DEBUG_INFORMATION_FORMAT = dwarf;
				ENABLE_STRICT_OBJC_MSGSEND = YES;
				ENABLE_TESTABILITY = YES;
				ENABLE_USER_SCRIPT_SANDBOXING = YES;
				GCC_C_LANGUAGE_STANDARD = gnu17;
				GCC_DYNAMIC_NO_PIC = NO;
				GCC_NO_COMMON_BLOCKS = YES;
				GCC_OPTIMIZATION_LEVEL = 0;
				GCC_PREPROCESSOR_DEFINITIONS = (
					"DEBUG=1",
					"$(inherited)",
				);
				GCC_WARN_64_TO_32_BIT_CONVERSION = YES;
				GCC_WARN_ABOUT_RETURN_TYPE = YES_ERROR;
				GCC_WARN_UNDECLARED_SELECTOR = YES;
				GCC_WARN_UNINITIALIZED_AUTOS = YES_AGGRESSIVE;
				GCC_WARN_UNUSED_FUNCTION = YES;
				GCC_WARN_UNUSED_VARIABLE = YES;
				IPHONEOS_DEPLOYMENT_TARGET = 17.5;
				LOCALIZATION_PREFERS_STRING_CATALOGS = YES;
				MTL_ENABLE_DEBUG_INFO = INCLUDE_SOURCE;
				MTL_FAST_MATH = YES;
				ONLY_ACTIVE_ARCH = YES;
				SDKROOT = iphoneos;
				SWIFT_ACTIVE_COMPILATION_CONDITIONS = "DEBUG $(inherited)";
				SWIFT_OPTIMIZATION_LEVEL = "-Onone";
			};
			name = Debug;
		};
		117FC0302C94BD6300102334 /* Release */ = {
			isa = XCBuildConfiguration;
			buildSettings = {
				ALWAYS_SEARCH_USER_PATHS = NO;
				ASSETCATALOG_COMPILER_GENERATE_SWIFT_ASSET_SYMBOL_EXTENSIONS = YES;
				CLANG_ANALYZER_NONNULL = YES;
				CLANG_ANALYZER_NUMBER_OBJECT_CONVERSION = YES_AGGRESSIVE;
				CLANG_CXX_LANGUAGE_STANDARD = "gnu++20";
				CLANG_ENABLE_MODULES = YES;
				CLANG_ENABLE_OBJC_ARC = YES;
				CLANG_ENABLE_OBJC_WEAK = YES;
				CLANG_WARN_BLOCK_CAPTURE_AUTORELEASING = YES;
				CLANG_WARN_BOOL_CONVERSION = YES;
				CLANG_WARN_COMMA = YES;
				CLANG_WARN_CONSTANT_CONVERSION = YES;
				CLANG_WARN_DEPRECATED_OBJC_IMPLEMENTATIONS = YES;
				CLANG_WARN_DIRECT_OBJC_ISA_USAGE = YES_ERROR;
				CLANG_WARN_DOCUMENTATION_COMMENTS = YES;
				CLANG_WARN_EMPTY_BODY = YES;
				CLANG_WARN_ENUM_CONVERSION = YES;
				CLANG_WARN_INFINITE_RECURSION = YES;
				CLANG_WARN_INT_CONVERSION = YES;
				CLANG_WARN_NON_LITERAL_NULL_CONVERSION = YES;
				CLANG_WARN_OBJC_IMPLICIT_RETAIN_SELF = YES;
				CLANG_WARN_OBJC_LITERAL_CONVERSION = YES;
				CLANG_WARN_OBJC_ROOT_CLASS = YES_ERROR;
				CLANG_WARN_QUOTED_INCLUDE_IN_FRAMEWORK_HEADER = YES;
				CLANG_WARN_RANGE_LOOP_ANALYSIS = YES;
				CLANG_WARN_STRICT_PROTOTYPES = YES;
				CLANG_WARN_SUSPICIOUS_MOVE = YES;
				CLANG_WARN_UNGUARDED_AVAILABILITY = YES_AGGRESSIVE;
				CLANG_WARN_UNREACHABLE_CODE = YES;
				CLANG_WARN__DUPLICATE_METHOD_MATCH = YES;
				COPY_PHASE_STRIP = NO;
				DEBUG_INFORMATION_FORMAT = "dwarf-with-dsym";
				ENABLE_NS_ASSERTIONS = NO;
				ENABLE_STRICT_OBJC_MSGSEND = YES;
				ENABLE_USER_SCRIPT_SANDBOXING = YES;
				GCC_C_LANGUAGE_STANDARD = gnu17;
				GCC_NO_COMMON_BLOCKS = YES;
				GCC_WARN_64_TO_32_BIT_CONVERSION = YES;
				GCC_WARN_ABOUT_RETURN_TYPE = YES_ERROR;
				GCC_WARN_UNDECLARED_SELECTOR = YES;
				GCC_WARN_UNINITIALIZED_AUTOS = YES_AGGRESSIVE;
				GCC_WARN_UNUSED_FUNCTION = YES;
				GCC_WARN_UNUSED_VARIABLE = YES;
				IPHONEOS_DEPLOYMENT_TARGET = 17.5;
				LOCALIZATION_PREFERS_STRING_CATALOGS = YES;
				MTL_ENABLE_DEBUG_INFO = NO;
				MTL_FAST_MATH = YES;
				SDKROOT = iphoneos;
				SWIFT_COMPILATION_MODE = wholemodule;
				VALIDATE_PRODUCT = YES;
			};
			name = Release;
		};
		117FC0322C94BD6300102334 /* Debug */ = {
			isa = XCBuildConfiguration;
			buildSettings = {
				ASSETCATALOG_COMPILER_APPICON_NAME = AppIcon;
				ASSETCATALOG_COMPILER_GLOBAL_ACCENT_COLOR_NAME = AccentColor;
				CODE_SIGN_STYLE = Automatic;
				CURRENT_PROJECT_VERSION = 1;
				DEVELOPMENT_TEAM = NVGTF49M8Q;
				GENERATE_INFOPLIST_FILE = YES;
				INFOPLIST_FILE = "Networking&MVVM/Info.plist";
				INFOPLIST_KEY_UIApplicationSupportsIndirectInputEvents = YES;
				INFOPLIST_KEY_UILaunchStoryboardName = LaunchScreen;
				INFOPLIST_KEY_UISupportedInterfaceOrientations_iPad = "UIInterfaceOrientationPortrait UIInterfaceOrientationPortraitUpsideDown UIInterfaceOrientationLandscapeLeft UIInterfaceOrientationLandscapeRight";
				INFOPLIST_KEY_UISupportedInterfaceOrientations_iPhone = "UIInterfaceOrientationPortrait UIInterfaceOrientationLandscapeLeft UIInterfaceOrientationLandscapeRight";
				LD_RUNPATH_SEARCH_PATHS = (
					"$(inherited)",
					"@executable_path/Frameworks",
				);
				MARKETING_VERSION = 1.0;
				PRODUCT_BUNDLE_IDENTIFIER = "com.sametkorkmaz.Networking-MVVM";
				PRODUCT_NAME = "$(TARGET_NAME)";
				SWIFT_EMIT_LOC_STRINGS = YES;
				SWIFT_VERSION = 5.0;
				TARGETED_DEVICE_FAMILY = "1,2";
			};
			name = Debug;
		};
		117FC0332C94BD6300102334 /* Release */ = {
			isa = XCBuildConfiguration;
			buildSettings = {
				ASSETCATALOG_COMPILER_APPICON_NAME = AppIcon;
				ASSETCATALOG_COMPILER_GLOBAL_ACCENT_COLOR_NAME = AccentColor;
				CODE_SIGN_STYLE = Automatic;
				CURRENT_PROJECT_VERSION = 1;
				DEVELOPMENT_TEAM = NVGTF49M8Q;
				GENERATE_INFOPLIST_FILE = YES;
				INFOPLIST_FILE = "Networking&MVVM/Info.plist";
				INFOPLIST_KEY_UIApplicationSupportsIndirectInputEvents = YES;
				INFOPLIST_KEY_UILaunchStoryboardName = LaunchScreen;
				INFOPLIST_KEY_UISupportedInterfaceOrientations_iPad = "UIInterfaceOrientationPortrait UIInterfaceOrientationPortraitUpsideDown UIInterfaceOrientationLandscapeLeft UIInterfaceOrientationLandscapeRight";
				INFOPLIST_KEY_UISupportedInterfaceOrientations_iPhone = "UIInterfaceOrientationPortrait UIInterfaceOrientationLandscapeLeft UIInterfaceOrientationLandscapeRight";
				LD_RUNPATH_SEARCH_PATHS = (
					"$(inherited)",
					"@executable_path/Frameworks",
				);
				MARKETING_VERSION = 1.0;
				PRODUCT_BUNDLE_IDENTIFIER = "com.sametkorkmaz.Networking-MVVM";
				PRODUCT_NAME = "$(TARGET_NAME)";
				SWIFT_EMIT_LOC_STRINGS = YES;
				SWIFT_VERSION = 5.0;
				TARGETED_DEVICE_FAMILY = "1,2";
			};
			name = Release;
		};
/* End XCBuildConfiguration section */

/* Begin XCConfigurationList section */
		117FC0182C94BD6200102334 /* Build configuration list for PBXProject "Networking&MVVM" */ = {
			isa = XCConfigurationList;
			buildConfigurations = (
				117FC02F2C94BD6300102334 /* Debug */,
				117FC0302C94BD6300102334 /* Release */,
			);
			defaultConfigurationIsVisible = 0;
			defaultConfigurationName = Release;
		};
		117FC0312C94BD6300102334 /* Build configuration list for PBXNativeTarget "Networking&MVVM" */ = {
			isa = XCConfigurationList;
			buildConfigurations = (
				117FC0322C94BD6300102334 /* Debug */,
				117FC0332C94BD6300102334 /* Release */,
			);
			defaultConfigurationIsVisible = 0;
			defaultConfigurationName = Release;
		};
/* End XCConfigurationList section */
	};
	rootObject = 117FC0152C94BD6200102334 /* Project object */;
}
